
Microsoft Visual Studio Solution File, Format Version 12.00
# Visual Studio 15
VisualStudioVersion = 15.0.27004.2009
MinimumVisualStudioVersion = 10.0.40219.1
Project("{2150E333-8FDC-42A3-9474-1A3956D46DE8}") = "src", "src", "{58F1E5DA-B51B-49FD-8BC6-010DED377357}"
EndProject
Project("{2150E333-8FDC-42A3-9474-1A3956D46DE8}") = "tests", "tests", "{C20A8CEA-E2DC-4045-B628-68159108B19A}"
EndProject
Project("{FAE04EC0-301F-11D3-BF4B-00C04F79EFBC}") = "Serilog.Sinks.AzureWebJobsTraceWriter.UnitTests", "tests\Serilog.Sinks.AzureWebJobsTraceWriter.UnitTests\Serilog.Sinks.AzureWebJobsTraceWriter.UnitTests.csproj", "{B9938905-C77E-43D6-9591-22178DFF6C02}"
EndProject
Project("{FAE04EC0-301F-11D3-BF4B-00C04F79EFBC}") = "Serilog.Sinks.AzureWebJobsTraceWriter", "src\Serilog.Sinks.AzureWebJobsTraceWriter\Serilog.Sinks.AzureWebJobsTraceWriter.csproj", "{63A9B8FB-347D-4122-BB4B-7491E9514B98}"
EndProject
Global
	GlobalSection(SolutionConfigurationPlatforms) = preSolution
		Debug|Any CPU = Debug|Any CPU
		Release|Any CPU = Release|Any CPU
	EndGlobalSection
	GlobalSection(ProjectConfigurationPlatforms) = postSolution
		{B9938905-C77E-43D6-9591-22178DFF6C02}.Debug|Any CPU.ActiveCfg = Debug|Any CPU
		{B9938905-C77E-43D6-9591-22178DFF6C02}.Debug|Any CPU.Build.0 = Debug|Any CPU
		{B9938905-C77E-43D6-9591-22178DFF6C02}.Release|Any CPU.ActiveCfg = Release|Any CPU
		{B9938905-C77E-43D6-9591-22178DFF6C02}.Release|Any CPU.Build.0 = Release|Any CPU
		{63A9B8FB-347D-4122-BB4B-7491E9514B98}.Debug|Any CPU.ActiveCfg = Debug|Any CPU
		{63A9B8FB-347D-4122-BB4B-7491E9514B98}.Debug|Any CPU.Build.0 = Debug|Any CPU
		{63A9B8FB-347D-4122-BB4B-7491E9514B98}.Release|Any CPU.ActiveCfg = Release|Any CPU
		{63A9B8FB-347D-4122-BB4B-7491E9514B98}.Release|Any CPU.Build.0 = Release|Any CPU
	EndGlobalSection
	GlobalSection(SolutionProperties) = preSolution
		HideSolutionNode = FALSE
	EndGlobalSection
	GlobalSection(NestedProjects) = preSolution
		{B9938905-C77E-43D6-9591-22178DFF6C02} = {C20A8CEA-E2DC-4045-B628-68159108B19A}
		{63A9B8FB-347D-4122-BB4B-7491E9514B98} = {58F1E5DA-B51B-49FD-8BC6-010DED377357}
	EndGlobalSection
	GlobalSection(ExtensibilityGlobals) = postSolution
		SolutionGuid = {622D77C2-D0D9-4C5B-827F-9F6BE4075858}
	EndGlobalSection
EndGlobal
